// !$*UTF8*$!
{
	archiveVersion = 1;
	classes = {
	};
	objectVersion = 56;
	objects = {

/* Begin PBXBuildFile section */
		3A0C8D202A24004A00ED9C9C /* CurationBanner.swift in Sources */ = {isa = PBXBuildFile; fileRef = 3A0C8D1F2A24004A00ED9C9C /* CurationBanner.swift */; };
		3A0C8D222A24015100ED9C9C /* CurationDescription.swift in Sources */ = {isa = PBXBuildFile; fileRef = 3A0C8D212A24015100ED9C9C /* CurationDescription.swift */; };
		3A0C8D242A24059F00ED9C9C /* CurationHeader.swift in Sources */ = {isa = PBXBuildFile; fileRef = 3A0C8D232A24059F00ED9C9C /* CurationHeader.swift */; };
		3A0C8D272A240AB400ED9C9C /* DeviceName.swift in Sources */ = {isa = PBXBuildFile; fileRef = 3A0C8D262A240AB400ED9C9C /* DeviceName.swift */; };
		3A2D890E2A60BC6A0068523A /* DatabaseTests.swift in Sources */ = {isa = PBXBuildFile; fileRef = 3A2D890D2A60BC6A0068523A /* DatabaseTests.swift */; };
		3A2D89172A60C1820068523A /* CountryProjection.swift in Sources */ = {isa = PBXBuildFile; fileRef = 3A2D89162A60C1820068523A /* CountryProjection.swift */; };
		3A2D89192A60C1F00068523A /* UserProjection.swift in Sources */ = {isa = PBXBuildFile; fileRef = 3A2D89182A60C1F00068523A /* UserProjection.swift */; };
		3A2D89222A60CD7B0068523A /* RealmSwift in Frameworks */ = {isa = PBXBuildFile; productRef = 3A2D89212A60CD7B0068523A /* RealmSwift */; };
		3A2D89242A60CD800068523A /* RealmSwift in Frameworks */ = {isa = PBXBuildFile; productRef = 3A2D89232A60CD800068523A /* RealmSwift */; };
		3A2D89262A60CD850068523A /* RealmSwift in Frameworks */ = {isa = PBXBuildFile; productRef = 3A2D89252A60CD850068523A /* RealmSwift */; };
		3A41A61C2A1588C600D65755 /* CurationView.swift in Sources */ = {isa = PBXBuildFile; fileRef = 3A41A61B2A1588C600D65755 /* CurationView.swift */; };
		3A41A6242A15990E00D65755 /* NotoSansTamil-ExtraBold.ttf in Resources */ = {isa = PBXBuildFile; fileRef = 3A41A6232A15990E00D65755 /* NotoSansTamil-ExtraBold.ttf */; };
		3A4517A82A250088006C0156 /* PurchaseButton.swift in Sources */ = {isa = PBXBuildFile; fileRef = 3A4517A72A250088006C0156 /* PurchaseButton.swift */; };
		3A4517AB2A296A7F006C0156 /* Curation.swift in Sources */ = {isa = PBXBuildFile; fileRef = 3A4517AA2A296A7F006C0156 /* Curation.swift */; };
		3A51289E2A2974C2004AE117 /* User.swift in Sources */ = {isa = PBXBuildFile; fileRef = 3A51289D2A2974C2004AE117 /* User.swift */; };
		3A5128A02A2AAEDC004AE117 /* Game.swift in Sources */ = {isa = PBXBuildFile; fileRef = 3A51289F2A2AAEDC004AE117 /* Game.swift */; };
		3A5128A22A2AB177004AE117 /* Developer.swift in Sources */ = {isa = PBXBuildFile; fileRef = 3A5128A12A2AB177004AE117 /* Developer.swift */; };
		3A5128A42A2AB21A004AE117 /* Publisher.swift in Sources */ = {isa = PBXBuildFile; fileRef = 3A5128A32A2AB21A004AE117 /* Publisher.swift */; };
		3A5128A62A2AB308004AE117 /* Media.swift in Sources */ = {isa = PBXBuildFile; fileRef = 3A5128A52A2AB308004AE117 /* Media.swift */; };
		3A5128A82A2AB388004AE117 /* Label.swift in Sources */ = {isa = PBXBuildFile; fileRef = 3A5128A72A2AB388004AE117 /* Label.swift */; };
		3A5128AA2A2AB411004AE117 /* Review.swift in Sources */ = {isa = PBXBuildFile; fileRef = 3A5128A92A2AB411004AE117 /* Review.swift */; };
		3A5128AC2A300C07004AE117 /* Country.swift in Sources */ = {isa = PBXBuildFile; fileRef = 3A5128AB2A300C07004AE117 /* Country.swift */; };
		3A5128AE2A300C48004AE117 /* Territory.swift in Sources */ = {isa = PBXBuildFile; fileRef = 3A5128AD2A300C48004AE117 /* Territory.swift */; };
		3A797DEA2A1EAB08004432D6 /* NotoSansTamil-Light.ttf in Resources */ = {isa = PBXBuildFile; fileRef = 3A797DE92A1EAB08004432D6 /* NotoSansTamil-Light.ttf */; };
		3A89FA002A350D9B0062732F /* DatabaseActor.swift in Sources */ = {isa = PBXBuildFile; fileRef = 3A89F9FF2A350D9B0062732F /* DatabaseActor.swift */; };
		3A9B24082A756CDC00457BFC /* DatabaseTests.swift in Sources */ = {isa = PBXBuildFile; fileRef = 3A9B24072A756CDC00457BFC /* DatabaseTests.swift */; };
		3AB2B6EC2A0857FA00EEF750 /* Realm in Frameworks */ = {isa = PBXBuildFile; productRef = 3AB2B6EB2A0857FA00EEF750 /* Realm */; settings = {ATTRIBUTES = (Required, ); }; };
		3AB2B6EE2A0857FA00EEF750 /* RealmSwift in Frameworks */ = {isa = PBXBuildFile; productRef = 3AB2B6ED2A0857FA00EEF750 /* RealmSwift */; };
		3AB5547F2A53515E00B233D1 /* DatabaseReader.swift in Sources */ = {isa = PBXBuildFile; fileRef = 3AB5547E2A53515E00B233D1 /* DatabaseReader.swift */; };
		3AE858602A15A0B3008444B3 /* NotoSansTamil-Regular.ttf in Resources */ = {isa = PBXBuildFile; fileRef = 3AE8585E2A15A0B3008444B3 /* NotoSansTamil-Regular.ttf */; };
		3AE858612A15A0B3008444B3 /* NotoSansTamil-SemiBold.ttf in Resources */ = {isa = PBXBuildFile; fileRef = 3AE8585F2A15A0B3008444B3 /* NotoSansTamil-SemiBold.ttf */; };
		3AE858652A191A34008444B3 /* ProductView.swift in Sources */ = {isa = PBXBuildFile; fileRef = 3AE858642A191A34008444B3 /* ProductView.swift */; };
		8FE494FF29F8C34C00F8CE2E /* RomeTwoApp.swift in Sources */ = {isa = PBXBuildFile; fileRef = 8FE494FE29F8C34C00F8CE2E /* RomeTwoApp.swift */; };
		8FE4950129F8C34C00F8CE2E /* ContentView.swift in Sources */ = {isa = PBXBuildFile; fileRef = 8FE4950029F8C34C00F8CE2E /* ContentView.swift */; };
		8FE4950329F8C34E00F8CE2E /* Assets.xcassets in Resources */ = {isa = PBXBuildFile; fileRef = 8FE4950229F8C34E00F8CE2E /* Assets.xcassets */; };
		8FE4950629F8C34E00F8CE2E /* Preview Assets.xcassets in Resources */ = {isa = PBXBuildFile; fileRef = 8FE4950529F8C34E00F8CE2E /* Preview Assets.xcassets */; };
		8FE4951029F8C34E00F8CE2E /* RomeTwoTests.swift in Sources */ = {isa = PBXBuildFile; fileRef = 8FE4950F29F8C34E00F8CE2E /* RomeTwoTests.swift */; };
		8FE4951A29F8C34E00F8CE2E /* RomeTwoUITests.swift in Sources */ = {isa = PBXBuildFile; fileRef = 8FE4951929F8C34E00F8CE2E /* RomeTwoUITests.swift */; };
		8FE4951C29F8C34E00F8CE2E /* RomeTwoUITestsLaunchTests.swift in Sources */ = {isa = PBXBuildFile; fileRef = 8FE4951B29F8C34E00F8CE2E /* RomeTwoUITestsLaunchTests.swift */; };
/* End PBXBuildFile section */

/* Begin PBXContainerItemProxy section */
		3A2D89082A60BBF50068523A /* PBXContainerItemProxy */ = {
			isa = PBXContainerItemProxy;
			containerPortal = 8FE494F329F8C34C00F8CE2E /* Project object */;
			proxyType = 1;
			remoteGlobalIDString = 8FE494FA29F8C34C00F8CE2E;
			remoteInfo = RomeTwo;
		};
		8FE4950C29F8C34E00F8CE2E /* PBXContainerItemProxy */ = {
			isa = PBXContainerItemProxy;
			containerPortal = 8FE494F329F8C34C00F8CE2E /* Project object */;
			proxyType = 1;
			remoteGlobalIDString = 8FE494FA29F8C34C00F8CE2E;
			remoteInfo = RomeTwo;
		};
		8FE4951629F8C34E00F8CE2E /* PBXContainerItemProxy */ = {
			isa = PBXContainerItemProxy;
			containerPortal = 8FE494F329F8C34C00F8CE2E /* Project object */;
			proxyType = 1;
			remoteGlobalIDString = 8FE494FA29F8C34C00F8CE2E;
			remoteInfo = RomeTwo;
		};
/* End PBXContainerItemProxy section */

/* Begin PBXFileReference section */
		3A0C8D1F2A24004A00ED9C9C /* CurationBanner.swift */ = {isa = PBXFileReference; lastKnownFileType = sourcecode.swift; path = CurationBanner.swift; sourceTree = "<group>"; };
		3A0C8D212A24015100ED9C9C /* CurationDescription.swift */ = {isa = PBXFileReference; lastKnownFileType = sourcecode.swift; path = CurationDescription.swift; sourceTree = "<group>"; };
		3A0C8D232A24059F00ED9C9C /* CurationHeader.swift */ = {isa = PBXFileReference; lastKnownFileType = sourcecode.swift; path = CurationHeader.swift; sourceTree = "<group>"; };
		3A0C8D262A240AB400ED9C9C /* DeviceName.swift */ = {isa = PBXFileReference; lastKnownFileType = sourcecode.swift; path = DeviceName.swift; sourceTree = "<group>"; };
		3A2D89042A60BBF50068523A /* RomeTwoAsyncTests.xctest */ = {isa = PBXFileReference; explicitFileType = wrapper.cfbundle; includeInIndex = 0; path = RomeTwoAsyncTests.xctest; sourceTree = BUILT_PRODUCTS_DIR; };
		3A2D890D2A60BC6A0068523A /* DatabaseTests.swift */ = {isa = PBXFileReference; lastKnownFileType = sourcecode.swift; path = DatabaseTests.swift; sourceTree = "<group>"; };
		3A2D89162A60C1820068523A /* CountryProjection.swift */ = {isa = PBXFileReference; lastKnownFileType = sourcecode.swift; path = CountryProjection.swift; sourceTree = "<group>"; };
		3A2D89182A60C1F00068523A /* UserProjection.swift */ = {isa = PBXFileReference; lastKnownFileType = sourcecode.swift; path = UserProjection.swift; sourceTree = "<group>"; };
		3A41A61B2A1588C600D65755 /* CurationView.swift */ = {isa = PBXFileReference; lastKnownFileType = sourcecode.swift; path = CurationView.swift; sourceTree = "<group>"; };
		3A41A6222A1597EE00D65755 /* Info.plist */ = {isa = PBXFileReference; lastKnownFileType = text.plist; path = Info.plist; sourceTree = "<group>"; };
		3A41A6232A15990E00D65755 /* NotoSansTamil-ExtraBold.ttf */ = {isa = PBXFileReference; lastKnownFileType = file; path = "NotoSansTamil-ExtraBold.ttf"; sourceTree = "<group>"; };
		3A4517A72A250088006C0156 /* PurchaseButton.swift */ = {isa = PBXFileReference; lastKnownFileType = sourcecode.swift; path = PurchaseButton.swift; sourceTree = "<group>"; };
		3A4517AA2A296A7F006C0156 /* Curation.swift */ = {isa = PBXFileReference; lastKnownFileType = sourcecode.swift; path = Curation.swift; sourceTree = "<group>"; };
		3A51289D2A2974C2004AE117 /* User.swift */ = {isa = PBXFileReference; lastKnownFileType = sourcecode.swift; path = User.swift; sourceTree = "<group>"; };
		3A51289F2A2AAEDC004AE117 /* Game.swift */ = {isa = PBXFileReference; lastKnownFileType = sourcecode.swift; path = Game.swift; sourceTree = "<group>"; };
		3A5128A12A2AB177004AE117 /* Developer.swift */ = {isa = PBXFileReference; lastKnownFileType = sourcecode.swift; path = Developer.swift; sourceTree = "<group>"; };
		3A5128A32A2AB21A004AE117 /* Publisher.swift */ = {isa = PBXFileReference; lastKnownFileType = sourcecode.swift; path = Publisher.swift; sourceTree = "<group>"; };
		3A5128A52A2AB308004AE117 /* Media.swift */ = {isa = PBXFileReference; lastKnownFileType = sourcecode.swift; path = Media.swift; sourceTree = "<group>"; };
		3A5128A72A2AB388004AE117 /* Label.swift */ = {isa = PBXFileReference; lastKnownFileType = sourcecode.swift; path = Label.swift; sourceTree = "<group>"; };
		3A5128A92A2AB411004AE117 /* Review.swift */ = {isa = PBXFileReference; lastKnownFileType = sourcecode.swift; path = Review.swift; sourceTree = "<group>"; };
		3A5128AB2A300C07004AE117 /* Country.swift */ = {isa = PBXFileReference; lastKnownFileType = sourcecode.swift; path = Country.swift; sourceTree = "<group>"; };
		3A5128AD2A300C48004AE117 /* Territory.swift */ = {isa = PBXFileReference; lastKnownFileType = sourcecode.swift; path = Territory.swift; sourceTree = "<group>"; };
		3A6C58292A10210B00DFBCCF /* RomeTwo.entitlements */ = {isa = PBXFileReference; lastKnownFileType = text.plist.entitlements; path = RomeTwo.entitlements; sourceTree = "<group>"; };
		3A797DE92A1EAB08004432D6 /* NotoSansTamil-Light.ttf */ = {isa = PBXFileReference; lastKnownFileType = file; path = "NotoSansTamil-Light.ttf"; sourceTree = "<group>"; };
		3A89F9FF2A350D9B0062732F /* DatabaseActor.swift */ = {isa = PBXFileReference; lastKnownFileType = sourcecode.swift; path = DatabaseActor.swift; sourceTree = "<group>"; };
		3A9B24072A756CDC00457BFC /* DatabaseTests.swift */ = {isa = PBXFileReference; lastKnownFileType = sourcecode.swift; path = DatabaseTests.swift; sourceTree = "<group>"; };
		3AB5547E2A53515E00B233D1 /* DatabaseReader.swift */ = {isa = PBXFileReference; lastKnownFileType = sourcecode.swift; path = DatabaseReader.swift; sourceTree = "<group>"; };
		3AE8585E2A15A0B3008444B3 /* NotoSansTamil-Regular.ttf */ = {isa = PBXFileReference; lastKnownFileType = file; path = "NotoSansTamil-Regular.ttf"; sourceTree = "<group>"; };
		3AE8585F2A15A0B3008444B3 /* NotoSansTamil-SemiBold.ttf */ = {isa = PBXFileReference; lastKnownFileType = file; path = "NotoSansTamil-SemiBold.ttf"; sourceTree = "<group>"; };
		3AE858642A191A34008444B3 /* ProductView.swift */ = {isa = PBXFileReference; lastKnownFileType = sourcecode.swift; path = ProductView.swift; sourceTree = "<group>"; };
		8FE494FB29F8C34C00F8CE2E /* RomeTwo.app */ = {isa = PBXFileReference; explicitFileType = wrapper.application; includeInIndex = 0; path = RomeTwo.app; sourceTree = BUILT_PRODUCTS_DIR; };
		8FE494FE29F8C34C00F8CE2E /* RomeTwoApp.swift */ = {isa = PBXFileReference; lastKnownFileType = sourcecode.swift; path = RomeTwoApp.swift; sourceTree = "<group>"; };
		8FE4950029F8C34C00F8CE2E /* ContentView.swift */ = {isa = PBXFileReference; lastKnownFileType = sourcecode.swift; path = ContentView.swift; sourceTree = "<group>"; };
		8FE4950229F8C34E00F8CE2E /* Assets.xcassets */ = {isa = PBXFileReference; lastKnownFileType = folder.assetcatalog; path = Assets.xcassets; sourceTree = "<group>"; };
		8FE4950529F8C34E00F8CE2E /* Preview Assets.xcassets */ = {isa = PBXFileReference; lastKnownFileType = folder.assetcatalog; path = "Preview Assets.xcassets"; sourceTree = "<group>"; };
		8FE4950B29F8C34E00F8CE2E /* RomeTwoTests.xctest */ = {isa = PBXFileReference; explicitFileType = wrapper.cfbundle; includeInIndex = 0; path = RomeTwoTests.xctest; sourceTree = BUILT_PRODUCTS_DIR; };
		8FE4950F29F8C34E00F8CE2E /* RomeTwoTests.swift */ = {isa = PBXFileReference; lastKnownFileType = sourcecode.swift; path = RomeTwoTests.swift; sourceTree = "<group>"; };
		8FE4951529F8C34E00F8CE2E /* RomeTwoUITests.xctest */ = {isa = PBXFileReference; explicitFileType = wrapper.cfbundle; includeInIndex = 0; path = RomeTwoUITests.xctest; sourceTree = BUILT_PRODUCTS_DIR; };
		8FE4951929F8C34E00F8CE2E /* RomeTwoUITests.swift */ = {isa = PBXFileReference; lastKnownFileType = sourcecode.swift; path = RomeTwoUITests.swift; sourceTree = "<group>"; };
		8FE4951B29F8C34E00F8CE2E /* RomeTwoUITestsLaunchTests.swift */ = {isa = PBXFileReference; lastKnownFileType = sourcecode.swift; path = RomeTwoUITestsLaunchTests.swift; sourceTree = "<group>"; };
/* End PBXFileReference section */

/* Begin PBXFrameworksBuildPhase section */
		3A2D89012A60BBF50068523A /* Frameworks */ = {
			isa = PBXFrameworksBuildPhase;
			buildActionMask = 2147483647;
			files = (
				3A2D89222A60CD7B0068523A /* RealmSwift in Frameworks */,
			);
			runOnlyForDeploymentPostprocessing = 0;
		};
		8FE494F829F8C34C00F8CE2E /* Frameworks */ = {
			isa = PBXFrameworksBuildPhase;
			buildActionMask = 2147483647;
			files = (
				3AB2B6EE2A0857FA00EEF750 /* RealmSwift in Frameworks */,
				3AB2B6EC2A0857FA00EEF750 /* Realm in Frameworks */,
			);
			runOnlyForDeploymentPostprocessing = 0;
		};
		8FE4950829F8C34E00F8CE2E /* Frameworks */ = {
			isa = PBXFrameworksBuildPhase;
			buildActionMask = 2147483647;
			files = (
				3A2D89262A60CD850068523A /* RealmSwift in Frameworks */,
			);
			runOnlyForDeploymentPostprocessing = 0;
		};
		8FE4951229F8C34E00F8CE2E /* Frameworks */ = {
			isa = PBXFrameworksBuildPhase;
			buildActionMask = 2147483647;
			files = (
				3A2D89242A60CD800068523A /* RealmSwift in Frameworks */,
			);
			runOnlyForDeploymentPostprocessing = 0;
		};
/* End PBXFrameworksBuildPhase section */

/* Begin PBXGroup section */
		3A0C8D1E2A23FFA400ED9C9C /* Views */ = {
			isa = PBXGroup;
			children = (
				3A41A61A2A1588AD00D65755 /* Curation */,
				8FE4950029F8C34C00F8CE2E /* ContentView.swift */,
			);
			path = Views;
			sourceTree = "<group>";
		};
		3A0C8D252A240AA200ED9C9C /* Helper */ = {
			isa = PBXGroup;
			children = (
				3A0C8D262A240AB400ED9C9C /* DeviceName.swift */,
				3A4517A72A250088006C0156 /* PurchaseButton.swift */,
			);
			path = Helper;
			sourceTree = "<group>";
		};
		3A2D89052A60BBF50068523A /* RomeTwoAsyncTests */ = {
			isa = PBXGroup;
			children = (
				3A2D890F2A60BDEB0068523A /* DatabaseTests */,
			);
			path = RomeTwoAsyncTests;
			sourceTree = "<group>";
		};
		3A2D890F2A60BDEB0068523A /* DatabaseTests */ = {
			isa = PBXGroup;
			children = (
				3A2D890D2A60BC6A0068523A /* DatabaseTests.swift */,
			);
			path = DatabaseTests;
			sourceTree = "<group>";
		};
		3A2D89152A60C15B0068523A /* Projections */ = {
			isa = PBXGroup;
			children = (
				3A2D89162A60C1820068523A /* CountryProjection.swift */,
				3A2D89182A60C1F00068523A /* UserProjection.swift */,
			);
			path = Projections;
			sourceTree = "<group>";
		};
		3A2D891A2A60CB940068523A /* Frameworks */ = {
			isa = PBXGroup;
			children = (
			);
			name = Frameworks;
			sourceTree = "<group>";
		};
		3A41A61A2A1588AD00D65755 /* Curation */ = {
			isa = PBXGroup;
			children = (
				3A41A61B2A1588C600D65755 /* CurationView.swift */,
				3A0C8D1F2A24004A00ED9C9C /* CurationBanner.swift */,
				3A0C8D212A24015100ED9C9C /* CurationDescription.swift */,
				3A0C8D232A24059F00ED9C9C /* CurationHeader.swift */,
			);
			path = Curation;
			sourceTree = "<group>";
		};
		3A41A61F2A15924400D65755 /* Fonts */ = {
			isa = PBXGroup;
			children = (
				3A797DE92A1EAB08004432D6 /* NotoSansTamil-Light.ttf */,
				3AE8585E2A15A0B3008444B3 /* NotoSansTamil-Regular.ttf */,
				3AE8585F2A15A0B3008444B3 /* NotoSansTamil-SemiBold.ttf */,
				3A41A6232A15990E00D65755 /* NotoSansTamil-ExtraBold.ttf */,
			);
			path = Fonts;
			sourceTree = "<group>";
		};
		3A4517A92A296A44006C0156 /* Model */ = {
			isa = PBXGroup;
			children = (
				3A4517AA2A296A7F006C0156 /* Curation.swift */,
				3A51289D2A2974C2004AE117 /* User.swift */,
				3A5128AB2A300C07004AE117 /* Country.swift */,
				3A5128AD2A300C48004AE117 /* Territory.swift */,
				3A51289F2A2AAEDC004AE117 /* Game.swift */,
				3A5128A12A2AB177004AE117 /* Developer.swift */,
				3A5128A32A2AB21A004AE117 /* Publisher.swift */,
				3A5128A52A2AB308004AE117 /* Media.swift */,
				3A5128A72A2AB388004AE117 /* Label.swift */,
				3A5128A92A2AB411004AE117 /* Review.swift */,
			);
			path = Model;
			sourceTree = "<group>";
		};
		3A89F9FE2A350D8D0062732F /* Database */ = {
			isa = PBXGroup;
			children = (
				3A89F9FF2A350D9B0062732F /* DatabaseActor.swift */,
				3AB5547E2A53515E00B233D1 /* DatabaseReader.swift */,
			);
			path = Database;
			sourceTree = "<group>";
		};
		3AE858632A191A1B008444B3 /* Product */ = {
			isa = PBXGroup;
			children = (
				3AE858642A191A34008444B3 /* ProductView.swift */,
			);
			path = Product;
			sourceTree = "<group>";
		};
		8FE494F229F8C34C00F8CE2E = {
			isa = PBXGroup;
			children = (
				8FE494FD29F8C34C00F8CE2E /* RomeTwo */,
				3A2D89052A60BBF50068523A /* RomeTwoAsyncTests */,
				8FE4950E29F8C34E00F8CE2E /* RomeTwoTests */,
				8FE4951829F8C34E00F8CE2E /* RomeTwoUITests */,
				8FE494FC29F8C34C00F8CE2E /* Products */,
				3A2D891A2A60CB940068523A /* Frameworks */,
			);
			sourceTree = "<group>";
		};
		8FE494FC29F8C34C00F8CE2E /* Products */ = {
			isa = PBXGroup;
			children = (
				8FE494FB29F8C34C00F8CE2E /* RomeTwo.app */,
				8FE4950B29F8C34E00F8CE2E /* RomeTwoTests.xctest */,
				8FE4951529F8C34E00F8CE2E /* RomeTwoUITests.xctest */,
				3A2D89042A60BBF50068523A /* RomeTwoAsyncTests.xctest */,
			);
			name = Products;
			sourceTree = "<group>";
		};
		8FE494FD29F8C34C00F8CE2E /* RomeTwo */ = {
			isa = PBXGroup;
			children = (
				3A2D89152A60C15B0068523A /* Projections */,
				3A89F9FE2A350D8D0062732F /* Database */,
				3A4517A92A296A44006C0156 /* Model */,
				3A0C8D252A240AA200ED9C9C /* Helper */,
				3A6C58292A10210B00DFBCCF /* RomeTwo.entitlements */,
				3A41A6222A1597EE00D65755 /* Info.plist */,
				8FE494FE29F8C34C00F8CE2E /* RomeTwoApp.swift */,
				8FE4950229F8C34E00F8CE2E /* Assets.xcassets */,
				3A41A61F2A15924400D65755 /* Fonts */,
				8FE4950429F8C34E00F8CE2E /* Preview Content */,
				3AE858632A191A1B008444B3 /* Product */,
				3A0C8D1E2A23FFA400ED9C9C /* Views */,
			);
			path = RomeTwo;
			sourceTree = "<group>";
		};
		8FE4950429F8C34E00F8CE2E /* Preview Content */ = {
			isa = PBXGroup;
			children = (
				8FE4950529F8C34E00F8CE2E /* Preview Assets.xcassets */,
			);
			path = "Preview Content";
			sourceTree = "<group>";
		};
		8FE4950E29F8C34E00F8CE2E /* RomeTwoTests */ = {
			isa = PBXGroup;
			children = (
				8FE4950F29F8C34E00F8CE2E /* RomeTwoTests.swift */,
				3A9B24072A756CDC00457BFC /* DatabaseTests.swift */,
			);
			path = RomeTwoTests;
			sourceTree = "<group>";
		};
		8FE4951829F8C34E00F8CE2E /* RomeTwoUITests */ = {
			isa = PBXGroup;
			children = (
				8FE4951929F8C34E00F8CE2E /* RomeTwoUITests.swift */,
				8FE4951B29F8C34E00F8CE2E /* RomeTwoUITestsLaunchTests.swift */,
			);
			path = RomeTwoUITests;
			sourceTree = "<group>";
		};
/* End PBXGroup section */

/* Begin PBXNativeTarget section */
		3A2D89032A60BBF50068523A /* RomeTwoAsyncTests */ = {
			isa = PBXNativeTarget;
			buildConfigurationList = 3A2D890A2A60BBF50068523A /* Build configuration list for PBXNativeTarget "RomeTwoAsyncTests" */;
			buildPhases = (
				3A2D89002A60BBF50068523A /* Sources */,
				3A2D89012A60BBF50068523A /* Frameworks */,
				3A2D89022A60BBF50068523A /* Resources */,
			);
			buildRules = (
			);
			dependencies = (
				3A2D89092A60BBF50068523A /* PBXTargetDependency */,
			);
			name = RomeTwoAsyncTests;
			packageProductDependencies = (
				3A2D89212A60CD7B0068523A /* RealmSwift */,
			);
			productName = RomeTwoAsyncTests;
			productReference = 3A2D89042A60BBF50068523A /* RomeTwoAsyncTests.xctest */;
			productType = "com.apple.product-type.bundle.unit-test";
		};
		8FE494FA29F8C34C00F8CE2E /* RomeTwo */ = {
			isa = PBXNativeTarget;
			buildConfigurationList = 8FE4951F29F8C34E00F8CE2E /* Build configuration list for PBXNativeTarget "RomeTwo" */;
			buildPhases = (
				8FE494F729F8C34C00F8CE2E /* Sources */,
				8FE494F829F8C34C00F8CE2E /* Frameworks */,
				8FE494F929F8C34C00F8CE2E /* Resources */,
			);
			buildRules = (
			);
			dependencies = (
			);
			name = RomeTwo;
			packageProductDependencies = (
				3AB2B6EB2A0857FA00EEF750 /* Realm */,
				3AB2B6ED2A0857FA00EEF750 /* RealmSwift */,
			);
			productName = RomeTwo;
			productReference = 8FE494FB29F8C34C00F8CE2E /* RomeTwo.app */;
			productType = "com.apple.product-type.application";
		};
		8FE4950A29F8C34E00F8CE2E /* RomeTwoTests */ = {
			isa = PBXNativeTarget;
			buildConfigurationList = 8FE4952229F8C34E00F8CE2E /* Build configuration list for PBXNativeTarget "RomeTwoTests" */;
			buildPhases = (
				8FE4950729F8C34E00F8CE2E /* Sources */,
				8FE4950829F8C34E00F8CE2E /* Frameworks */,
				8FE4950929F8C34E00F8CE2E /* Resources */,
			);
			buildRules = (
			);
			dependencies = (
				8FE4950D29F8C34E00F8CE2E /* PBXTargetDependency */,
			);
			name = RomeTwoTests;
			packageProductDependencies = (
				3A2D89252A60CD850068523A /* RealmSwift */,
			);
			productName = RomeTwoTests;
			productReference = 8FE4950B29F8C34E00F8CE2E /* RomeTwoTests.xctest */;
			productType = "com.apple.product-type.bundle.unit-test";
		};
		8FE4951429F8C34E00F8CE2E /* RomeTwoUITests */ = {
			isa = PBXNativeTarget;
			buildConfigurationList = 8FE4952529F8C34E00F8CE2E /* Build configuration list for PBXNativeTarget "RomeTwoUITests" */;
			buildPhases = (
				8FE4951129F8C34E00F8CE2E /* Sources */,
				8FE4951229F8C34E00F8CE2E /* Frameworks */,
				8FE4951329F8C34E00F8CE2E /* Resources */,
			);
			buildRules = (
			);
			dependencies = (
				8FE4951729F8C34E00F8CE2E /* PBXTargetDependency */,
			);
			name = RomeTwoUITests;
			packageProductDependencies = (
				3A2D89232A60CD800068523A /* RealmSwift */,
			);
			productName = RomeTwoUITests;
			productReference = 8FE4951529F8C34E00F8CE2E /* RomeTwoUITests.xctest */;
			productType = "com.apple.product-type.bundle.ui-testing";
		};
/* End PBXNativeTarget section */

/* Begin PBXProject section */
		8FE494F329F8C34C00F8CE2E /* Project object */ = {
			isa = PBXProject;
			attributes = {
				BuildIndependentTargetsInParallel = 1;
				LastSwiftUpdateCheck = 1430;
				LastUpgradeCheck = 1420;
				TargetAttributes = {
					3A2D89032A60BBF50068523A = {
						CreatedOnToolsVersion = 14.3.1;
						TestTargetID = 8FE494FA29F8C34C00F8CE2E;
					};
					8FE494FA29F8C34C00F8CE2E = {
						CreatedOnToolsVersion = 14.2;
					};
					8FE4950A29F8C34E00F8CE2E = {
						CreatedOnToolsVersion = 14.2;
						TestTargetID = 8FE494FA29F8C34C00F8CE2E;
					};
					8FE4951429F8C34E00F8CE2E = {
						CreatedOnToolsVersion = 14.2;
						TestTargetID = 8FE494FA29F8C34C00F8CE2E;
					};
				};
			};
			buildConfigurationList = 8FE494F629F8C34C00F8CE2E /* Build configuration list for PBXProject "RomeTwo" */;
			compatibilityVersion = "Xcode 14.0";
			developmentRegion = en;
			hasScannedForEncodings = 0;
			knownRegions = (
				en,
				Base,
			);
			mainGroup = 8FE494F229F8C34C00F8CE2E;
			packageReferences = (
				3AB2B6EA2A0857FA00EEF750 /* XCRemoteSwiftPackageReference "realm-swift" */,
			);
			productRefGroup = 8FE494FC29F8C34C00F8CE2E /* Products */;
			projectDirPath = "";
			projectRoot = "";
			targets = (
				8FE494FA29F8C34C00F8CE2E /* RomeTwo */,
				8FE4950A29F8C34E00F8CE2E /* RomeTwoTests */,
				8FE4951429F8C34E00F8CE2E /* RomeTwoUITests */,
				3A2D89032A60BBF50068523A /* RomeTwoAsyncTests */,
			);
		};
/* End PBXProject section */

/* Begin PBXResourcesBuildPhase section */
		3A2D89022A60BBF50068523A /* Resources */ = {
			isa = PBXResourcesBuildPhase;
			buildActionMask = 2147483647;
			files = (
			);
			runOnlyForDeploymentPostprocessing = 0;
		};
		8FE494F929F8C34C00F8CE2E /* Resources */ = {
			isa = PBXResourcesBuildPhase;
			buildActionMask = 2147483647;
			files = (
				3A797DEA2A1EAB08004432D6 /* NotoSansTamil-Light.ttf in Resources */,
				3AE858602A15A0B3008444B3 /* NotoSansTamil-Regular.ttf in Resources */,
				8FE4950629F8C34E00F8CE2E /* Preview Assets.xcassets in Resources */,
				3A41A6242A15990E00D65755 /* NotoSansTamil-ExtraBold.ttf in Resources */,
				3AE858612A15A0B3008444B3 /* NotoSansTamil-SemiBold.ttf in Resources */,
				8FE4950329F8C34E00F8CE2E /* Assets.xcassets in Resources */,
			);
			runOnlyForDeploymentPostprocessing = 0;
		};
		8FE4950929F8C34E00F8CE2E /* Resources */ = {
			isa = PBXResourcesBuildPhase;
			buildActionMask = 2147483647;
			files = (
			);
			runOnlyForDeploymentPostprocessing = 0;
		};
		8FE4951329F8C34E00F8CE2E /* Resources */ = {
			isa = PBXResourcesBuildPhase;
			buildActionMask = 2147483647;
			files = (
			);
			runOnlyForDeploymentPostprocessing = 0;
		};
/* End PBXResourcesBuildPhase section */

/* Begin PBXSourcesBuildPhase section */
		3A2D89002A60BBF50068523A /* Sources */ = {
			isa = PBXSourcesBuildPhase;
			buildActionMask = 2147483647;
			files = (
				3A2D890E2A60BC6A0068523A /* DatabaseTests.swift in Sources */,
			);
			runOnlyForDeploymentPostprocessing = 0;
		};
		8FE494F729F8C34C00F8CE2E /* Sources */ = {
			isa = PBXSourcesBuildPhase;
			buildActionMask = 2147483647;
			files = (
				3A4517AB2A296A7F006C0156 /* Curation.swift in Sources */,
				3A2D89172A60C1820068523A /* CountryProjection.swift in Sources */,
				3AE858652A191A34008444B3 /* ProductView.swift in Sources */,
				3A5128AA2A2AB411004AE117 /* Review.swift in Sources */,
				3A0C8D222A24015100ED9C9C /* CurationDescription.swift in Sources */,
				3A2D89192A60C1F00068523A /* UserProjection.swift in Sources */,
				3A4517A82A250088006C0156 /* PurchaseButton.swift in Sources */,
				3A0C8D202A24004A00ED9C9C /* CurationBanner.swift in Sources */,
				3A5128A22A2AB177004AE117 /* Developer.swift in Sources */,
				3A5128A82A2AB388004AE117 /* Label.swift in Sources */,
				3A5128A42A2AB21A004AE117 /* Publisher.swift in Sources */,
				8FE4950129F8C34C00F8CE2E /* ContentView.swift in Sources */,
				3AB5547F2A53515E00B233D1 /* DatabaseReader.swift in Sources */,
				3A5128AE2A300C48004AE117 /* Territory.swift in Sources */,
				3A5128AC2A300C07004AE117 /* Country.swift in Sources */,
				3A0C8D272A240AB400ED9C9C /* DeviceName.swift in Sources */,
				3A5128A02A2AAEDC004AE117 /* Game.swift in Sources */,
				8FE494FF29F8C34C00F8CE2E /* RomeTwoApp.swift in Sources */,
				3A0C8D242A24059F00ED9C9C /* CurationHeader.swift in Sources */,
				3A41A61C2A1588C600D65755 /* CurationView.swift in Sources */,
				3A51289E2A2974C2004AE117 /* User.swift in Sources */,
				3A89FA002A350D9B0062732F /* DatabaseActor.swift in Sources */,
				3A5128A62A2AB308004AE117 /* Media.swift in Sources */,
			);
			runOnlyForDeploymentPostprocessing = 0;
		};
		8FE4950729F8C34E00F8CE2E /* Sources */ = {
			isa = PBXSourcesBuildPhase;
			buildActionMask = 2147483647;
			files = (
				3A9B24082A756CDC00457BFC /* DatabaseTests.swift in Sources */,
				8FE4951029F8C34E00F8CE2E /* RomeTwoTests.swift in Sources */,
			);
			runOnlyForDeploymentPostprocessing = 0;
		};
		8FE4951129F8C34E00F8CE2E /* Sources */ = {
			isa = PBXSourcesBuildPhase;
			buildActionMask = 2147483647;
			files = (
				8FE4951C29F8C34E00F8CE2E /* RomeTwoUITestsLaunchTests.swift in Sources */,
				8FE4951A29F8C34E00F8CE2E /* RomeTwoUITests.swift in Sources */,
			);
			runOnlyForDeploymentPostprocessing = 0;
		};
/* End PBXSourcesBuildPhase section */

/* Begin PBXTargetDependency section */
		3A2D89092A60BBF50068523A /* PBXTargetDependency */ = {
			isa = PBXTargetDependency;
			target = 8FE494FA29F8C34C00F8CE2E /* RomeTwo */;
			targetProxy = 3A2D89082A60BBF50068523A /* PBXContainerItemProxy */;
		};
		8FE4950D29F8C34E00F8CE2E /* PBXTargetDependency */ = {
			isa = PBXTargetDependency;
			target = 8FE494FA29F8C34C00F8CE2E /* RomeTwo */;
			targetProxy = 8FE4950C29F8C34E00F8CE2E /* PBXContainerItemProxy */;
		};
		8FE4951729F8C34E00F8CE2E /* PBXTargetDependency */ = {
			isa = PBXTargetDependency;
			target = 8FE494FA29F8C34C00F8CE2E /* RomeTwo */;
			targetProxy = 8FE4951629F8C34E00F8CE2E /* PBXContainerItemProxy */;
		};
/* End PBXTargetDependency section */

/* Begin XCBuildConfiguration section */
		3A2D890B2A60BBF50068523A /* Debug */ = {
			isa = XCBuildConfiguration;
			buildSettings = {
				BUNDLE_LOADER = "$(TEST_HOST)";
				CODE_SIGN_STYLE = Automatic;
				CURRENT_PROJECT_VERSION = 1;
				DEVELOPMENT_TEAM = 6525SMR8C7;
				GENERATE_INFOPLIST_FILE = YES;
				IPHONEOS_DEPLOYMENT_TARGET = 16.4;
				MARKETING_VERSION = 1.0;
				PRODUCT_BUNDLE_IDENTIFIER = learn.RomeTwoAsyncTests;
				PRODUCT_NAME = "$(TARGET_NAME)";
				SWIFT_EMIT_LOC_STRINGS = NO;
				SWIFT_VERSION = 5.0;
				TARGETED_DEVICE_FAMILY = "1,2";
				TEST_HOST = "$(BUILT_PRODUCTS_DIR)/RomeTwo.app/$(BUNDLE_EXECUTABLE_FOLDER_PATH)/RomeTwo";
			};
			name = Debug;
		};
		3A2D890C2A60BBF50068523A /* Release */ = {
			isa = XCBuildConfiguration;
			buildSettings = {
				BUNDLE_LOADER = "$(TEST_HOST)";
				CODE_SIGN_STYLE = Automatic;
				CURRENT_PROJECT_VERSION = 1;
				DEVELOPMENT_TEAM = 6525SMR8C7;
				GENERATE_INFOPLIST_FILE = YES;
				IPHONEOS_DEPLOYMENT_TARGET = 16.4;
				MARKETING_VERSION = 1.0;
				PRODUCT_BUNDLE_IDENTIFIER = learn.RomeTwoAsyncTests;
				PRODUCT_NAME = "$(TARGET_NAME)";
				SWIFT_EMIT_LOC_STRINGS = NO;
				SWIFT_VERSION = 5.0;
				TARGETED_DEVICE_FAMILY = "1,2";
				TEST_HOST = "$(BUILT_PRODUCTS_DIR)/RomeTwo.app/$(BUNDLE_EXECUTABLE_FOLDER_PATH)/RomeTwo";
			};
			name = Release;
		};
		8FE4951D29F8C34E00F8CE2E /* Debug */ = {
			isa = XCBuildConfiguration;
			buildSettings = {
				ALWAYS_SEARCH_USER_PATHS = NO;
				CLANG_ANALYZER_NONNULL = YES;
				CLANG_ANALYZER_NUMBER_OBJECT_CONVERSION = YES_AGGRESSIVE;
				CLANG_CXX_LANGUAGE_STANDARD = "gnu++20";
				CLANG_ENABLE_MODULES = YES;
				CLANG_ENABLE_OBJC_ARC = YES;
				CLANG_ENABLE_OBJC_WEAK = YES;
				CLANG_WARN_BLOCK_CAPTURE_AUTORELEASING = YES;
				CLANG_WARN_BOOL_CONVERSION = YES;
				CLANG_WARN_COMMA = YES;
				CLANG_WARN_CONSTANT_CONVERSION = YES;
				CLANG_WARN_DEPRECATED_OBJC_IMPLEMENTATIONS = YES;
				CLANG_WARN_DIRECT_OBJC_ISA_USAGE = YES_ERROR;
				CLANG_WARN_DOCUMENTATION_COMMENTS = YES;
				CLANG_WARN_EMPTY_BODY = YES;
				CLANG_WARN_ENUM_CONVERSION = YES;
				CLANG_WARN_INFINITE_RECURSION = YES;
				CLANG_WARN_INT_CONVERSION = YES;
				CLANG_WARN_NON_LITERAL_NULL_CONVERSION = YES;
				CLANG_WARN_OBJC_IMPLICIT_RETAIN_SELF = YES;
				CLANG_WARN_OBJC_LITERAL_CONVERSION = YES;
				CLANG_WARN_OBJC_ROOT_CLASS = YES_ERROR;
				CLANG_WARN_QUOTED_INCLUDE_IN_FRAMEWORK_HEADER = YES;
				CLANG_WARN_RANGE_LOOP_ANALYSIS = YES;
				CLANG_WARN_STRICT_PROTOTYPES = YES;
				CLANG_WARN_SUSPICIOUS_MOVE = YES;
				CLANG_WARN_UNGUARDED_AVAILABILITY = YES_AGGRESSIVE;
				CLANG_WARN_UNREACHABLE_CODE = YES;
				CLANG_WARN__DUPLICATE_METHOD_MATCH = YES;
				COPY_PHASE_STRIP = NO;
				DEBUG_INFORMATION_FORMAT = dwarf;
				ENABLE_STRICT_OBJC_MSGSEND = YES;
				ENABLE_TESTABILITY = YES;
				GCC_C_LANGUAGE_STANDARD = gnu11;
				GCC_DYNAMIC_NO_PIC = NO;
				GCC_NO_COMMON_BLOCKS = YES;
				GCC_OPTIMIZATION_LEVEL = 0;
				GCC_PREPROCESSOR_DEFINITIONS = (
					"DEBUG=1",
					"$(inherited)",
				);
				GCC_WARN_64_TO_32_BIT_CONVERSION = YES;
				GCC_WARN_ABOUT_RETURN_TYPE = YES_ERROR;
				GCC_WARN_UNDECLARED_SELECTOR = YES;
				GCC_WARN_UNINITIALIZED_AUTOS = YES_AGGRESSIVE;
				GCC_WARN_UNUSED_FUNCTION = YES;
				GCC_WARN_UNUSED_VARIABLE = YES;
				IPHONEOS_DEPLOYMENT_TARGET = 16.2;
				MTL_ENABLE_DEBUG_INFO = INCLUDE_SOURCE;
				MTL_FAST_MATH = YES;
				ONLY_ACTIVE_ARCH = YES;
				SDKROOT = iphoneos;
				SWIFT_ACTIVE_COMPILATION_CONDITIONS = DEBUG;
				SWIFT_OPTIMIZATION_LEVEL = "-Onone";
			};
			name = Debug;
		};
		8FE4951E29F8C34E00F8CE2E /* Release */ = {
			isa = XCBuildConfiguration;
			buildSettings = {
				ALWAYS_SEARCH_USER_PATHS = NO;
				CLANG_ANALYZER_NONNULL = YES;
				CLANG_ANALYZER_NUMBER_OBJECT_CONVERSION = YES_AGGRESSIVE;
				CLANG_CXX_LANGUAGE_STANDARD = "gnu++20";
				CLANG_ENABLE_MODULES = YES;
				CLANG_ENABLE_OBJC_ARC = YES;
				CLANG_ENABLE_OBJC_WEAK = YES;
				CLANG_WARN_BLOCK_CAPTURE_AUTORELEASING = YES;
				CLANG_WARN_BOOL_CONVERSION = YES;
				CLANG_WARN_COMMA = YES;
				CLANG_WARN_CONSTANT_CONVERSION = YES;
				CLANG_WARN_DEPRECATED_OBJC_IMPLEMENTATIONS = YES;
				CLANG_WARN_DIRECT_OBJC_ISA_USAGE = YES_ERROR;
				CLANG_WARN_DOCUMENTATION_COMMENTS = YES;
				CLANG_WARN_EMPTY_BODY = YES;
				CLANG_WARN_ENUM_CONVERSION = YES;
				CLANG_WARN_INFINITE_RECURSION = YES;
				CLANG_WARN_INT_CONVERSION = YES;
				CLANG_WARN_NON_LITERAL_NULL_CONVERSION = YES;
				CLANG_WARN_OBJC_IMPLICIT_RETAIN_SELF = YES;
				CLANG_WARN_OBJC_LITERAL_CONVERSION = YES;
				CLANG_WARN_OBJC_ROOT_CLASS = YES_ERROR;
				CLANG_WARN_QUOTED_INCLUDE_IN_FRAMEWORK_HEADER = YES;
				CLANG_WARN_RANGE_LOOP_ANALYSIS = YES;
				CLANG_WARN_STRICT_PROTOTYPES = YES;
				CLANG_WARN_SUSPICIOUS_MOVE = YES;
				CLANG_WARN_UNGUARDED_AVAILABILITY = YES_AGGRESSIVE;
				CLANG_WARN_UNREACHABLE_CODE = YES;
				CLANG_WARN__DUPLICATE_METHOD_MATCH = YES;
				COPY_PHASE_STRIP = NO;
				DEBUG_INFORMATION_FORMAT = "dwarf-with-dsym";
				ENABLE_NS_ASSERTIONS = NO;
				ENABLE_STRICT_OBJC_MSGSEND = YES;
				GCC_C_LANGUAGE_STANDARD = gnu11;
				GCC_NO_COMMON_BLOCKS = YES;
				GCC_WARN_64_TO_32_BIT_CONVERSION = YES;
				GCC_WARN_ABOUT_RETURN_TYPE = YES_ERROR;
				GCC_WARN_UNDECLARED_SELECTOR = YES;
				GCC_WARN_UNINITIALIZED_AUTOS = YES_AGGRESSIVE;
				GCC_WARN_UNUSED_FUNCTION = YES;
				GCC_WARN_UNUSED_VARIABLE = YES;
				IPHONEOS_DEPLOYMENT_TARGET = 16.2;
				MTL_ENABLE_DEBUG_INFO = NO;
				MTL_FAST_MATH = YES;
				SDKROOT = iphoneos;
				SWIFT_COMPILATION_MODE = wholemodule;
				SWIFT_OPTIMIZATION_LEVEL = "-O";
				VALIDATE_PRODUCT = YES;
			};
			name = Release;
		};
		8FE4952029F8C34E00F8CE2E /* Debug */ = {
			isa = XCBuildConfiguration;
			buildSettings = {
				ASSETCATALOG_COMPILER_APPICON_NAME = AppIcon;
				ASSETCATALOG_COMPILER_GLOBAL_ACCENT_COLOR_NAME = AccentColor;
				ASSETCATALOG_COMPILER_INCLUDE_ALL_APPICON_ASSETS = YES;
				CODE_SIGN_ENTITLEMENTS = RomeTwo/RomeTwo.entitlements;
				CODE_SIGN_IDENTITY = "Apple Development";
				CODE_SIGN_STYLE = Automatic;
				CURRENT_PROJECT_VERSION = 1;
				DEVELOPMENT_ASSET_PATHS = "\"RomeTwo/Preview Content\"";
				DEVELOPMENT_TEAM = 6525SMR8C7;
				ENABLE_PREVIEWS = YES;
				GENERATE_INFOPLIST_FILE = YES;
				INFOPLIST_FILE = RomeTwo/Info.plist;
				INFOPLIST_KEY_UIApplicationSceneManifest_Generation = YES;
				INFOPLIST_KEY_UIApplicationSupportsIndirectInputEvents = YES;
				INFOPLIST_KEY_UILaunchScreen_Generation = YES;
				INFOPLIST_KEY_UISupportedInterfaceOrientations_iPad = "UIInterfaceOrientationPortrait UIInterfaceOrientationPortraitUpsideDown UIInterfaceOrientationLandscapeLeft UIInterfaceOrientationLandscapeRight";
				INFOPLIST_KEY_UISupportedInterfaceOrientations_iPhone = "UIInterfaceOrientationPortrait UIInterfaceOrientationLandscapeLeft UIInterfaceOrientationLandscapeRight";
				LD_RUNPATH_SEARCH_PATHS = (
					"$(inherited)",
					"@executable_path/Frameworks",
				);
				MARKETING_VERSION = 1.0;
				"OTHER_SWIFT_FLAGS[arch=*]" = "-Xfrontend -enable-actor-data-race-checks";
				PRODUCT_BUNDLE_IDENTIFIER = studios.sanfelipe.RomeTwo;
				PRODUCT_NAME = "$(TARGET_NAME)";
				PROVISIONING_PROFILE_SPECIFIER = "";
				SWIFT_EMIT_LOC_STRINGS = YES;
				SWIFT_STRICT_CONCURRENCY = complete;
				SWIFT_VERSION = 5.0;
				TARGETED_DEVICE_FAMILY = "1,2";
			};
			name = Debug;
		};
		8FE4952129F8C34E00F8CE2E /* Release */ = {
			isa = XCBuildConfiguration;
			buildSettings = {
				ASSETCATALOG_COMPILER_APPICON_NAME = AppIcon;
				ASSETCATALOG_COMPILER_GLOBAL_ACCENT_COLOR_NAME = AccentColor;
				ASSETCATALOG_COMPILER_INCLUDE_ALL_APPICON_ASSETS = YES;
				CODE_SIGN_ENTITLEMENTS = RomeTwo/RomeTwo.entitlements;
				CODE_SIGN_IDENTITY = "Apple Development";
				CODE_SIGN_STYLE = Automatic;
				CURRENT_PROJECT_VERSION = 1;
				DEVELOPMENT_ASSET_PATHS = "\"RomeTwo/Preview Content\"";
				DEVELOPMENT_TEAM = 6525SMR8C7;
				ENABLE_PREVIEWS = YES;
				GENERATE_INFOPLIST_FILE = YES;
				INFOPLIST_FILE = RomeTwo/Info.plist;
				INFOPLIST_KEY_LSApplicationCategoryType = "public.app-category.shopping";
				INFOPLIST_KEY_UIApplicationSceneManifest_Generation = YES;
				INFOPLIST_KEY_UIApplicationSupportsIndirectInputEvents = YES;
				INFOPLIST_KEY_UILaunchScreen_Generation = YES;
				INFOPLIST_KEY_UISupportedInterfaceOrientations_iPad = "UIInterfaceOrientationPortrait UIInterfaceOrientationPortraitUpsideDown UIInterfaceOrientationLandscapeLeft UIInterfaceOrientationLandscapeRight";
				INFOPLIST_KEY_UISupportedInterfaceOrientations_iPhone = "UIInterfaceOrientationPortrait UIInterfaceOrientationLandscapeLeft UIInterfaceOrientationLandscapeRight";
				LD_RUNPATH_SEARCH_PATHS = (
					"$(inherited)",
					"@executable_path/Frameworks",
				);
				MARKETING_VERSION = 1.0;
				"OTHER_SWIFT_FLAGS[arch=*]" = "-Xfrontend -enable-actor-data-race-checks";
				PRODUCT_BUNDLE_IDENTIFIER = studios.sanfelipe.RomeTwo;
				PRODUCT_NAME = "$(TARGET_NAME)";
				PROVISIONING_PROFILE_SPECIFIER = "";
				SWIFT_EMIT_LOC_STRINGS = YES;
				SWIFT_STRICT_CONCURRENCY = complete;
				SWIFT_VERSION = 5.0;
				TARGETED_DEVICE_FAMILY = "1,2";
			};
			name = Release;
		};
		8FE4952329F8C34E00F8CE2E /* Debug */ = {
			isa = XCBuildConfiguration;
			buildSettings = {
				ALWAYS_EMBED_SWIFT_STANDARD_LIBRARIES = YES;
				BUNDLE_LOADER = "$(TEST_HOST)";
				CODE_SIGN_STYLE = Automatic;
				CURRENT_PROJECT_VERSION = 1;
				DEVELOPMENT_TEAM = YTNTXSNQQT;
				GENERATE_INFOPLIST_FILE = YES;
				IPHONEOS_DEPLOYMENT_TARGET = 16.2;
				MARKETING_VERSION = 1.0;
				PRODUCT_BUNDLE_IDENTIFIER = studios.sanfelipe.RomeTwoTests;
				PRODUCT_NAME = "$(TARGET_NAME)";
				SWIFT_EMIT_LOC_STRINGS = NO;
				SWIFT_VERSION = 5.0;
				TARGETED_DEVICE_FAMILY = "1,2";
				TEST_HOST = "$(BUILT_PRODUCTS_DIR)/RomeTwo.app/$(BUNDLE_EXECUTABLE_FOLDER_PATH)/RomeTwo";
			};
			name = Debug;
		};
		8FE4952429F8C34E00F8CE2E /* Release */ = {
			isa = XCBuildConfiguration;
			buildSettings = {
				ALWAYS_EMBED_SWIFT_STANDARD_LIBRARIES = YES;
				BUNDLE_LOADER = "$(TEST_HOST)";
				CODE_SIGN_STYLE = Automatic;
				CURRENT_PROJECT_VERSION = 1;
				DEVELOPMENT_TEAM = YTNTXSNQQT;
				GENERATE_INFOPLIST_FILE = YES;
				IPHONEOS_DEPLOYMENT_TARGET = 16.2;
				MARKETING_VERSION = 1.0;
				PRODUCT_BUNDLE_IDENTIFIER = studios.sanfelipe.RomeTwoTests;
				PRODUCT_NAME = "$(TARGET_NAME)";
				SWIFT_EMIT_LOC_STRINGS = NO;
				SWIFT_VERSION = 5.0;
				TARGETED_DEVICE_FAMILY = "1,2";
				TEST_HOST = "$(BUILT_PRODUCTS_DIR)/RomeTwo.app/$(BUNDLE_EXECUTABLE_FOLDER_PATH)/RomeTwo";
			};
			name = Release;
		};
		8FE4952629F8C34E00F8CE2E /* Debug */ = {
			isa = XCBuildConfiguration;
			buildSettings = {
				ALWAYS_EMBED_SWIFT_STANDARD_LIBRARIES = YES;
				CODE_SIGN_STYLE = Automatic;
				CURRENT_PROJECT_VERSION = 1;
				DEVELOPMENT_TEAM = YTNTXSNQQT;
				GENERATE_INFOPLIST_FILE = YES;
				MARKETING_VERSION = 1.0;
				PRODUCT_BUNDLE_IDENTIFIER = studios.sanfelipe.RomeTwoUITests;
				PRODUCT_NAME = "$(TARGET_NAME)";
				SWIFT_EMIT_LOC_STRINGS = NO;
				SWIFT_VERSION = 5.0;
				TARGETED_DEVICE_FAMILY = "1,2";
				TEST_TARGET_NAME = RomeTwo;
			};
			name = Debug;
		};
		8FE4952729F8C34E00F8CE2E /* Release */ = {
			isa = XCBuildConfiguration;
			buildSettings = {
				ALWAYS_EMBED_SWIFT_STANDARD_LIBRARIES = YES;
				CODE_SIGN_STYLE = Automatic;
				CURRENT_PROJECT_VERSION = 1;
				DEVELOPMENT_TEAM = YTNTXSNQQT;
				GENERATE_INFOPLIST_FILE = YES;
				MARKETING_VERSION = 1.0;
				PRODUCT_BUNDLE_IDENTIFIER = studios.sanfelipe.RomeTwoUITests;
				PRODUCT_NAME = "$(TARGET_NAME)";
				SWIFT_EMIT_LOC_STRINGS = NO;
				SWIFT_VERSION = 5.0;
				TARGETED_DEVICE_FAMILY = "1,2";
				TEST_TARGET_NAME = RomeTwo;
			};
			name = Release;
		};
/* End XCBuildConfiguration section */

/* Begin XCConfigurationList section */
		3A2D890A2A60BBF50068523A /* Build configuration list for PBXNativeTarget "RomeTwoAsyncTests" */ = {
			isa = XCConfigurationList;
			buildConfigurations = (
				3A2D890B2A60BBF50068523A /* Debug */,
				3A2D890C2A60BBF50068523A /* Release */,
			);
			defaultConfigurationIsVisible = 0;
			defaultConfigurationName = Release;
		};
		8FE494F629F8C34C00F8CE2E /* Build configuration list for PBXProject "RomeTwo" */ = {
			isa = XCConfigurationList;
			buildConfigurations = (
				8FE4951D29F8C34E00F8CE2E /* Debug */,
				8FE4951E29F8C34E00F8CE2E /* Release */,
			);
			defaultConfigurationIsVisible = 0;
			defaultConfigurationName = Release;
		};
		8FE4951F29F8C34E00F8CE2E /* Build configuration list for PBXNativeTarget "RomeTwo" */ = {
			isa = XCConfigurationList;
			buildConfigurations = (
				8FE4952029F8C34E00F8CE2E /* Debug */,
				8FE4952129F8C34E00F8CE2E /* Release */,
			);
			defaultConfigurationIsVisible = 0;
			defaultConfigurationName = Release;
		};
		8FE4952229F8C34E00F8CE2E /* Build configuration list for PBXNativeTarget "RomeTwoTests" */ = {
			isa = XCConfigurationList;
			buildConfigurations = (
				8FE4952329F8C34E00F8CE2E /* Debug */,
				8FE4952429F8C34E00F8CE2E /* Release */,
			);
			defaultConfigurationIsVisible = 0;
			defaultConfigurationName = Release;
		};
		8FE4952529F8C34E00F8CE2E /* Build configuration list for PBXNativeTarget "RomeTwoUITests" */ = {
			isa = XCConfigurationList;
			buildConfigurations = (
				8FE4952629F8C34E00F8CE2E /* Debug */,
				8FE4952729F8C34E00F8CE2E /* Release */,
			);
			defaultConfigurationIsVisible = 0;
			defaultConfigurationName = Release;
		};
/* End XCConfigurationList section */

/* Begin XCRemoteSwiftPackageReference section */
		3AB2B6EA2A0857FA00EEF750 /* XCRemoteSwiftPackageReference "realm-swift" */ = {
			isa = XCRemoteSwiftPackageReference;
			repositoryURL = "https://github.com/realm/realm-swift.git";
			requirement = {
				kind = exactVersion;
				version = 10.39.1;
			};
		};
/* End XCRemoteSwiftPackageReference section */

/* Begin XCSwiftPackageProductDependency section */
		3A2D89212A60CD7B0068523A /* RealmSwift */ = {
			isa = XCSwiftPackageProductDependency;
			package = 3AB2B6EA2A0857FA00EEF750 /* XCRemoteSwiftPackageReference "realm-swift" */;
			productName = RealmSwift;
		};
		3A2D89232A60CD800068523A /* RealmSwift */ = {
			isa = XCSwiftPackageProductDependency;
			package = 3AB2B6EA2A0857FA00EEF750 /* XCRemoteSwiftPackageReference "realm-swift" */;
			productName = RealmSwift;
		};
		3A2D89252A60CD850068523A /* RealmSwift */ = {
			isa = XCSwiftPackageProductDependency;
			package = 3AB2B6EA2A0857FA00EEF750 /* XCRemoteSwiftPackageReference "realm-swift" */;
			productName = RealmSwift;
		};
		3AB2B6EB2A0857FA00EEF750 /* Realm */ = {
			isa = XCSwiftPackageProductDependency;
			package = 3AB2B6EA2A0857FA00EEF750 /* XCRemoteSwiftPackageReference "realm-swift" */;
			productName = Realm;
		};
		3AB2B6ED2A0857FA00EEF750 /* RealmSwift */ = {
			isa = XCSwiftPackageProductDependency;
			package = 3AB2B6EA2A0857FA00EEF750 /* XCRemoteSwiftPackageReference "realm-swift" */;
			productName = RealmSwift;
		};
/* End XCSwiftPackageProductDependency section */
	};
	rootObject = 8FE494F329F8C34C00F8CE2E /* Project object */;
}
